
Microsoft Visual Studio Solution File, Format Version 12.00
# Visual Studio Version 17
VisualStudioVersion = 17.11.35312.102
MinimumVisualStudioVersion = 10.0.40219.1
Project("{FAE04EC0-301F-11D3-BF4B-00C04F79EFBC}") = "ProductSearchWithElasticsearch", "ProductSearchWithElasticsearch\ProductSearchWithElasticsearch.csproj", "{AE3DA71F-F245-45D0-A684-C449F622677E}"
EndProject
Global
	GlobalSection(SolutionConfigurationPlatforms) = preSolution
		Debug|Any CPU = Debug|Any CPU
		Release|Any CPU = Release|Any CPU
	EndGlobalSection
	GlobalSection(ProjectConfigurationPlatforms) = postSolution
		{AE3DA71F-F245-45D0-A684-C449F622677E}.Debug|Any CPU.ActiveCfg = Debug|Any CPU
		{AE3DA71F-F245-45D0-A684-C449F622677E}.Debug|Any CPU.Build.0 = Debug|Any CPU
		{AE3DA71F-F245-45D0-A684-C449F622677E}.Release|Any CPU.ActiveCfg = Release|Any CPU
		{AE3DA71F-F245-45D0-A684-C449F622677E}.Release|Any CPU.Build.0 = Release|Any CPU
	EndGlobalSection
	GlobalSection(SolutionProperties) = preSolution
		HideSolutionNode = FALSE
	EndGlobalSection
	GlobalSection(ExtensibilityGlobals) = postSolution
		SolutionGuid = {3F3CE0B9-DCAF-4384-BF1D-FEB5FF524A70}
	EndGlobalSection
EndGlobal
